{
  "name": "learn-travis-test",
  "version": "2.0.1",
  "lockfileVersion": 1,
  "requires": true,
  "dependencies": {
    "lerna-tool1": {
      "version": "2.0.0",
      "resolved": "https://registry.npmjs.org/lerna-tool1/-/lerna-tool1-2.0.0.tgz",
      "integrity": "sha512-K9Nx3Xy4LMPaRWfR6FNzX7Fgg3ztuhzMqQunb0Q8vsH4ciF7AlC99DJFmYQTRlZtAmye9nC7Xe0rv1EC8R5I5Q==",
      "requires": {
        "lodash": "3.10.1"
      }
    },
    "lodash": {
      "version": "3.10.1",
      "resolved": "https://registry.npmjs.org/lodash/-/lodash-3.10.1.tgz",
      "integrity": "sha1-W/Rejkm6QYnhfUgnid/RW9FAt7Y="
    }
  }
}
